# This file is autogenerated, do not edit; changes may be undone by the next 'dep ensure'.


[[projects]]
  branch = "master"
  name = "github.com/lidouf/glib"
  packages = ["."]
  revision = "51d1f6881de65186fc4cfa41b691f7adf4fa5ef8"

[[projects]]
  branch = "master"
  name = "github.com/lidouf/gst"
  packages = ["."]
  revision = "9799fca39c1f41ec67122de77724ad33f3944758"

[solve-meta]
  analyzer-name = "dep"
  analyzer-version = 1
  inputs-digest = "4717d10098aa23a56640f7f858d65a61d1e7b4024cefb96a009b2d64a31fbdce"
  solver-name = "gps-cdcl"
  solver-version = 1
